
Microsoft Visual Studio Solution File, Format Version 12.00
# Visual Studio Version 17
VisualStudioVersion = 17.6.33815.320
MinimumVisualStudioVersion = 10.0.40219.1
Project("{FAE04EC0-301F-11D3-BF4B-00C04F79EFBC}") = "StuMgtSys", "StuMgtSys.csproj", "{9C3C9FFA-2341-4288-9FF3-5A23B8BAAA7D}"
EndProject
Global
	GlobalSection(SolutionConfigurationPlatforms) = preSolution
		Debug|Any CPU = Debug|Any CPU
		Release|Any CPU = Release|Any CPU
	EndGlobalSection
	GlobalSection(ProjectConfigurationPlatforms) = postSolution
		{9C3C9FFA-2341-4288-9FF3-5A23B8BAAA7D}.Debug|Any CPU.ActiveCfg = Debug|Any CPU
		{9C3C9FFA-2341-4288-9FF3-5A23B8BAAA7D}.Debug|Any CPU.Build.0 = Debug|Any CPU
		{9C3C9FFA-2341-4288-9FF3-5A23B8BAAA7D}.Release|Any CPU.ActiveCfg = Release|Any CPU
		{9C3C9FFA-2341-4288-9FF3-5A23B8BAAA7D}.Release|Any CPU.Build.0 = Release|Any CPU
	EndGlobalSection
	GlobalSection(SolutionProperties) = preSolution
		HideSolutionNode = FALSE
	EndGlobalSection
	GlobalSection(ExtensibilityGlobals) = postSolution
		SolutionGuid = {84C663F5-D282-437B-8B33-CDEDF11D0680}
	EndGlobalSection
EndGlobal
